// !$*UTF8*$!
{
	archiveVersion = 1;
	classes = {
	};
	objectVersion = 77;
	objects = {

/* Begin PBXBuildFile section */
		E85DEE072E8ECC3D008F4A07 /* Lottie in Frameworks */ = {isa = PBXBuildFile; productRef = E85DEE062E8ECC3D008F4A07 /* Lottie */; };
/* End PBXBuildFile section */

/* Begin PBXContainerItemProxy section */
		E8A379712E8D6D9500EF0893 /* PBXContainerItemProxy */ = {
			isa = PBXContainerItemProxy;
			containerPortal = E8A3795B2E8D6D9300EF0893 /* Project object */;
			proxyType = 1;
			remoteGlobalIDString = E8A379622E8D6D9400EF0893;
			remoteInfo = ECUVotol;
		};
		E8A3797B2E8D6D9500EF0893 /* PBXContainerItemProxy */ = {
			isa = PBXContainerItemProxy;
			containerPortal = E8A3795B2E8D6D9300EF0893 /* Project object */;
			proxyType = 1;
			remoteGlobalIDString = E8A379622E8D6D9400EF0893;
			remoteInfo = ECUVotol;
		};
/* End PBXContainerItemProxy section */

/* Begin PBXFileReference section */
		E8A379632E8D6D9400EF0893 /* ECUVotol.app */ = {isa = PBXFileReference; explicitFileType = wrapper.application; includeInIndex = 0; path = ECUVotol.app; sourceTree = BUILT_PRODUCTS_DIR; };
		E8A379702E8D6D9500EF0893 /* ECUVotolTests.xctest */ = {isa = PBXFileReference; explicitFileType = wrapper.cfbundle; includeInIndex = 0; path = ECUVotolTests.xctest; sourceTree = BUILT_PRODUCTS_DIR; };
		E8A3797A2E8D6D9500EF0893 /* ECUVotolUITests.xctest */ = {isa = PBXFileReference; explicitFileType = wrapper.cfbundle; includeInIndex = 0; path = ECUVotolUITests.xctest; sourceTree = BUILT_PRODUCTS_DIR; };
/* End PBXFileReference section */

/* Begin PBXFileSystemSynchronizedRootGroup section */
		E8A379652E8D6D9400EF0893 /* ECUVotol */ = {
			isa = PBXFileSystemSynchronizedRootGroup;
			path = ECUVotol;
			sourceTree = "<group>";
		};
		E8A379732E8D6D9500EF0893 /* ECUVotolTests */ = {
			isa = PBXFileSystemSynchronizedRootGroup;
			path = ECUVotolTests;
			sourceTree = "<group>";
		};
		E8A3797D2E8D6D9500EF0893 /* ECUVotolUITests */ = {
			isa = PBXFileSystemSynchronizedRootGroup;
			path = ECUVotolUITests;
			sourceTree = "<group>";
		};
/* End PBXFileSystemSynchronizedRootGroup section */

/* Begin PBXFrameworksBuildPhase section */
		E8A379602E8D6D9400EF0893 /* Frameworks */ = {
			isa = PBXFrameworksBuildPhase;
			buildActionMask = 2147483647;
			files = (
				E85DEE072E8ECC3D008F4A07 /* Lottie in Frameworks */,
			);
			runOnlyForDeploymentPostprocessing = 0;
		};
		E8A3796D2E8D6D9500EF0893 /* Frameworks */ = {
			isa = PBXFrameworksBuildPhase;
			buildActionMask = 2147483647;
			files = (
			);
			runOnlyForDeploymentPostprocessing = 0;
		};
		E8A379772E8D6D9500EF0893 /* Frameworks */ = {
			isa = PBXFrameworksBuildPhase;
			buildActionMask = 2147483647;
			files = (
			);
			runOnlyForDeploymentPostprocessing = 0;
		};
/* End PBXFrameworksBuildPhase section */

/* Begin PBXGroup section */
		E8A3795A2E8D6D9300EF0893 = {
			isa = PBXGroup;
			children = (
				E8A379652E8D6D9400EF0893 /* ECUVotol */,
				E8A379732E8D6D9500EF0893 /* ECUVotolTests */,
				E8A3797D2E8D6D9500EF0893 /* ECUVotolUITests */,
				E8A379642E8D6D9400EF0893 /* Products */,
			);
			sourceTree = "<group>";
		};
		E8A379642E8D6D9400EF0893 /* Products */ = {
			isa = PBXGroup;
			children = (
				E8A379632E8D6D9400EF0893 /* ECUVotol.app */,
				E8A379702E8D6D9500EF0893 /* ECUVotolTests.xctest */,
				E8A3797A2E8D6D9500EF0893 /* ECUVotolUITests.xctest */,
			);
			name = Products;
			sourceTree = "<group>";
		};
/* End PBXGroup section */

/* Begin PBXNativeTarget section */
		E8A379622E8D6D9400EF0893 /* ECUVotol */ = {
			isa = PBXNativeTarget;
			buildConfigurationList = E8A379842E8D6D9500EF0893 /* Build configuration list for PBXNativeTarget "ECUVotol" */;
			buildPhases = (
				E8A3795F2E8D6D9400EF0893 /* Sources */,
				E8A379602E8D6D9400EF0893 /* Frameworks */,
				E8A379612E8D6D9400EF0893 /* Resources */,
			);
			buildRules = (
			);
			dependencies = (
			);
			fileSystemSynchronizedGroups = (
				E8A379652E8D6D9400EF0893 /* ECUVotol */,
			);
			name = ECUVotol;
			packageProductDependencies = (
				E85DEE062E8ECC3D008F4A07 /* Lottie */,
			);
			productName = ECUVotol;
			productReference = E8A379632E8D6D9400EF0893 /* ECUVotol.app */;
			productType = "com.apple.product-type.application";
		};
		E8A3796F2E8D6D9500EF0893 /* ECUVotolTests */ = {
			isa = PBXNativeTarget;
			buildConfigurationList = E8A379872E8D6D9500EF0893 /* Build configuration list for PBXNativeTarget "ECUVotolTests" */;
			buildPhases = (
				E8A3796C2E8D6D9500EF0893 /* Sources */,
				E8A3796D2E8D6D9500EF0893 /* Frameworks */,
				E8A3796E2E8D6D9500EF0893 /* Resources */,
			);
			buildRules = (
			);
			dependencies = (
				E8A379722E8D6D9500EF0893 /* PBXTargetDependency */,
			);
			fileSystemSynchronizedGroups = (
				E8A379732E8D6D9500EF0893 /* ECUVotolTests */,
			);
			name = ECUVotolTests;
			packageProductDependencies = (
			);
			productName = ECUVotolTests;
			productReference = E8A379702E8D6D9500EF0893 /* ECUVotolTests.xctest */;
			productType = "com.apple.product-type.bundle.unit-test";
		};
		E8A379792E8D6D9500EF0893 /* ECUVotolUITests */ = {
			isa = PBXNativeTarget;
			buildConfigurationList = E8A3798A2E8D6D9500EF0893 /* Build configuration list for PBXNativeTarget "ECUVotolUITests" */;
			buildPhases = (
				E8A379762E8D6D9500EF0893 /* Sources */,
				E8A379772E8D6D9500EF0893 /* Frameworks */,
				E8A379782E8D6D9500EF0893 /* Resources */,
			);
			buildRules = (
			);
			dependencies = (
				E8A3797C2E8D6D9500EF0893 /* PBXTargetDependency */,
			);
			fileSystemSynchronizedGroups = (
				E8A3797D2E8D6D9500EF0893 /* ECUVotolUITests */,
			);
			name = ECUVotolUITests;
			packageProductDependencies = (
			);
			productName = ECUVotolUITests;
			productReference = E8A3797A2E8D6D9500EF0893 /* ECUVotolUITests.xctest */;
			productType = "com.apple.product-type.bundle.ui-testing";
		};
/* End PBXNativeTarget section */

/* Begin PBXProject section */
		E8A3795B2E8D6D9300EF0893 /* Project object */ = {
			isa = PBXProject;
			attributes = {
				BuildIndependentTargetsInParallel = 1;
				LastSwiftUpdateCheck = 1640;
				LastUpgradeCheck = 1640;
				TargetAttributes = {
					E8A379622E8D6D9400EF0893 = {
						CreatedOnToolsVersion = 16.4;
					};
					E8A3796F2E8D6D9500EF0893 = {
						CreatedOnToolsVersion = 16.4;
						TestTargetID = E8A379622E8D6D9400EF0893;
					};
					E8A379792E8D6D9500EF0893 = {
						CreatedOnToolsVersion = 16.4;
						TestTargetID = E8A379622E8D6D9400EF0893;
					};
				};
			};
			buildConfigurationList = E8A3795E2E8D6D9300EF0893 /* Build configuration list for PBXProject "ECUVotol" */;
			developmentRegion = en;
			hasScannedForEncodings = 0;
			knownRegions = (
				en,
				Base,
			);
			mainGroup = E8A3795A2E8D6D9300EF0893;
			minimizedProjectReferenceProxies = 1;
			packageReferences = (
				E85DEE052E8ECBEC008F4A07 /* XCRemoteSwiftPackageReference "lottie-spm" */,
			);
			preferredProjectObjectVersion = 77;
			productRefGroup = E8A379642E8D6D9400EF0893 /* Products */;
			projectDirPath = "";
			projectRoot = "";
			targets = (
				E8A379622E8D6D9400EF0893 /* ECUVotol */,
				E8A3796F2E8D6D9500EF0893 /* ECUVotolTests */,
				E8A379792E8D6D9500EF0893 /* ECUVotolUITests */,
			);
		};
/* End PBXProject section */

/* Begin PBXResourcesBuildPhase section */
		E8A379612E8D6D9400EF0893 /* Resources */ = {
			isa = PBXResourcesBuildPhase;
			buildActionMask = 2147483647;
			files = (
			);
			runOnlyForDeploymentPostprocessing = 0;
		};
		E8A3796E2E8D6D9500EF0893 /* Resources */ = {
			isa = PBXResourcesBuildPhase;
			buildActionMask = 2147483647;
			files = (
			);
			runOnlyForDeploymentPostprocessing = 0;
		};
		E8A379782E8D6D9500EF0893 /* Resources */ = {
			isa = PBXResourcesBuildPhase;
			buildActionMask = 2147483647;
			files = (
			);
			runOnlyForDeploymentPostprocessing = 0;
		};
/* End PBXResourcesBuildPhase section */

/* Begin PBXSourcesBuildPhase section */
		E8A3795F2E8D6D9400EF0893 /* Sources */ = {
			isa = PBXSourcesBuildPhase;
			buildActionMask = 2147483647;
			files = (
			);
			runOnlyForDeploymentPostprocessing = 0;
		};
		E8A3796C2E8D6D9500EF0893 /* Sources */ = {
			isa = PBXSourcesBuildPhase;
			buildActionMask = 2147483647;
			files = (
			);
			runOnlyForDeploymentPostprocessing = 0;
		};
		E8A379762E8D6D9500EF0893 /* Sources */ = {
			isa = PBXSourcesBuildPhase;
			buildActionMask = 2147483647;
			files = (
			);
			runOnlyForDeploymentPostprocessing = 0;
		};
/* End PBXSourcesBuildPhase section */

/* Begin PBXTargetDependency section */
		E8A379722E8D6D9500EF0893 /* PBXTargetDependency */ = {
			isa = PBXTargetDependency;
			target = E8A379622E8D6D9400EF0893 /* ECUVotol */;
			targetProxy = E8A379712E8D6D9500EF0893 /* PBXContainerItemProxy */;
		};
		E8A3797C2E8D6D9500EF0893 /* PBXTargetDependency */ = {
			isa = PBXTargetDependency;
			target = E8A379622E8D6D9400EF0893 /* ECUVotol */;
			targetProxy = E8A3797B2E8D6D9500EF0893 /* PBXContainerItemProxy */;
		};
/* End PBXTargetDependency section */

/* Begin XCBuildConfiguration section */
		E8A379822E8D6D9500EF0893 /* Debug */ = {
			isa = XCBuildConfiguration;
			buildSettings = {
				ALWAYS_SEARCH_USER_PATHS = NO;
				ASSETCATALOG_COMPILER_GENERATE_SWIFT_ASSET_SYMBOL_EXTENSIONS = YES;
				CLANG_ANALYZER_NONNULL = YES;
				CLANG_ANALYZER_NUMBER_OBJECT_CONVERSION = YES_AGGRESSIVE;
				CLANG_CXX_LANGUAGE_STANDARD = "gnu++20";
				CLANG_ENABLE_MODULES = YES;
				CLANG_ENABLE_OBJC_ARC = YES;
				CLANG_ENABLE_OBJC_WEAK = YES;
				CLANG_WARN_BLOCK_CAPTURE_AUTORELEASING = YES;
				CLANG_WARN_BOOL_CONVERSION = YES;
				CLANG_WARN_COMMA = YES;
				CLANG_WARN_CONSTANT_CONVERSION = YES;
				CLANG_WARN_DEPRECATED_OBJC_IMPLEMENTATIONS = YES;
				CLANG_WARN_DIRECT_OBJC_ISA_USAGE = YES_ERROR;
				CLANG_WARN_DOCUMENTATION_COMMENTS = YES;
				CLANG_WARN_EMPTY_BODY = YES;
				CLANG_WARN_ENUM_CONVERSION = YES;
				CLANG_WARN_INFINITE_RECURSION = YES;
				CLANG_WARN_INT_CONVERSION = YES;
				CLANG_WARN_NON_LITERAL_NULL_CONVERSION = YES;
				CLANG_WARN_OBJC_IMPLICIT_RETAIN_SELF = YES;
				CLANG_WARN_OBJC_LITERAL_CONVERSION = YES;
				CLANG_WARN_OBJC_ROOT_CLASS = YES_ERROR;
				CLANG_WARN_QUOTED_INCLUDE_IN_FRAMEWORK_HEADER = YES;
				CLANG_WARN_RANGE_LOOP_ANALYSIS = YES;
				CLANG_WARN_STRICT_PROTOTYPES = YES;
				CLANG_WARN_SUSPICIOUS_MOVE = YES;
				CLANG_WARN_UNGUARDED_AVAILABILITY = YES_AGGRESSIVE;
				CLANG_WARN_UNREACHABLE_CODE = YES;
				CLANG_WARN__DUPLICATE_METHOD_MATCH = YES;
				COPY_PHASE_STRIP = NO;
				DEBUG_INFORMATION_FORMAT = dwarf;
				ENABLE_STRICT_OBJC_MSGSEND = YES;
				ENABLE_TESTABILITY = YES;
				ENABLE_USER_SCRIPT_SANDBOXING = YES;
				GCC_C_LANGUAGE_STANDARD = gnu17;
				GCC_DYNAMIC_NO_PIC = NO;
				GCC_NO_COMMON_BLOCKS = YES;
				GCC_OPTIMIZATION_LEVEL = 0;
				GCC_PREPROCESSOR_DEFINITIONS = (
					"DEBUG=1",
					"$(inherited)",
				);
				GCC_WARN_64_TO_32_BIT_CONVERSION = YES;
				GCC_WARN_ABOUT_RETURN_TYPE = YES_ERROR;
				GCC_WARN_UNDECLARED_SELECTOR = YES;
				GCC_WARN_UNINITIALIZED_AUTOS = YES_AGGRESSIVE;
				GCC_WARN_UNUSED_FUNCTION = YES;
				GCC_WARN_UNUSED_VARIABLE = YES;
				IPHONEOS_DEPLOYMENT_TARGET = 18.5;
				LOCALIZATION_PREFERS_STRING_CATALOGS = YES;
				MTL_ENABLE_DEBUG_INFO = INCLUDE_SOURCE;
				MTL_FAST_MATH = YES;
				ONLY_ACTIVE_ARCH = YES;
				SDKROOT = iphoneos;
				SWIFT_ACTIVE_COMPILATION_CONDITIONS = "DEBUG $(inherited)";
				SWIFT_OPTIMIZATION_LEVEL = "-Onone";
			};
			name = Debug;
		};
		E8A379832E8D6D9500EF0893 /* Release */ = {
			isa = XCBuildConfiguration;
			buildSettings = {
				ALWAYS_SEARCH_USER_PATHS = NO;
				ASSETCATALOG_COMPILER_GENERATE_SWIFT_ASSET_SYMBOL_EXTENSIONS = YES;
				CLANG_ANALYZER_NONNULL = YES;
				CLANG_ANALYZER_NUMBER_OBJECT_CONVERSION = YES_AGGRESSIVE;
				CLANG_CXX_LANGUAGE_STANDARD = "gnu++20";
				CLANG_ENABLE_MODULES = YES;
				CLANG_ENABLE_OBJC_ARC = YES;
				CLANG_ENABLE_OBJC_WEAK = YES;
				CLANG_WARN_BLOCK_CAPTURE_AUTORELEASING = YES;
				CLANG_WARN_BOOL_CONVERSION = YES;
				CLANG_WARN_COMMA = YES;
				CLANG_WARN_CONSTANT_CONVERSION = YES;
				CLANG_WARN_DEPRECATED_OBJC_IMPLEMENTATIONS = YES;
				CLANG_WARN_DIRECT_OBJC_ISA_USAGE = YES_ERROR;
				CLANG_WARN_DOCUMENTATION_COMMENTS = YES;
				CLANG_WARN_EMPTY_BODY = YES;
				CLANG_WARN_ENUM_CONVERSION = YES;
				CLANG_WARN_INFINITE_RECURSION = YES;
				CLANG_WARN_INT_CONVERSION = YES;
				CLANG_WARN_NON_LITERAL_NULL_CONVERSION = YES;
				CLANG_WARN_OBJC_IMPLICIT_RETAIN_SELF = YES;
				CLANG_WARN_OBJC_LITERAL_CONVERSION = YES;
				CLANG_WARN_OBJC_ROOT_CLASS = YES_ERROR;
				CLANG_WARN_QUOTED_INCLUDE_IN_FRAMEWORK_HEADER = YES;
				CLANG_WARN_RANGE_LOOP_ANALYSIS = YES;
				CLANG_WARN_STRICT_PROTOTYPES = YES;
				CLANG_WARN_SUSPICIOUS_MOVE = YES;
				CLANG_WARN_UNGUARDED_AVAILABILITY = YES_AGGRESSIVE;
				CLANG_WARN_UNREACHABLE_CODE = YES;
				CLANG_WARN__DUPLICATE_METHOD_MATCH = YES;
				COPY_PHASE_STRIP = NO;
				DEBUG_INFORMATION_FORMAT = "dwarf-with-dsym";
				ENABLE_NS_ASSERTIONS = NO;
				ENABLE_STRICT_OBJC_MSGSEND = YES;
				ENABLE_USER_SCRIPT_SANDBOXING = YES;
				GCC_C_LANGUAGE_STANDARD = gnu17;
				GCC_NO_COMMON_BLOCKS = YES;
				GCC_WARN_64_TO_32_BIT_CONVERSION = YES;
				GCC_WARN_ABOUT_RETURN_TYPE = YES_ERROR;
				GCC_WARN_UNDECLARED_SELECTOR = YES;
				GCC_WARN_UNINITIALIZED_AUTOS = YES_AGGRESSIVE;
				GCC_WARN_UNUSED_FUNCTION = YES;
				GCC_WARN_UNUSED_VARIABLE = YES;
				IPHONEOS_DEPLOYMENT_TARGET = 18.5;
				LOCALIZATION_PREFERS_STRING_CATALOGS = YES;
				MTL_ENABLE_DEBUG_INFO = NO;
				MTL_FAST_MATH = YES;
				SDKROOT = iphoneos;
				SWIFT_COMPILATION_MODE = wholemodule;
				VALIDATE_PRODUCT = YES;
			};
			name = Release;
		};
		E8A379852E8D6D9500EF0893 /* Debug */ = {
			isa = XCBuildConfiguration;
			buildSettings = {
				ASSETCATALOG_COMPILER_APPICON_NAME = AppIcon;
				ASSETCATALOG_COMPILER_GLOBAL_ACCENT_COLOR_NAME = AccentColor;
				CODE_SIGN_STYLE = Automatic;
				CURRENT_PROJECT_VERSION = 1;
				DEVELOPMENT_TEAM = JLPE5BL6NP;
				ENABLE_PREVIEWS = YES;
				GENERATE_INFOPLIST_FILE = YES;
				INFOPLIST_KEY_NSBluetoothAlwaysUsageDescription = "Ứng dụng này cần quyền truy cập Bluetooth để quét và kết nối với các thiết bị.";
				INFOPLIST_KEY_UIApplicationSceneManifest_Generation = YES;
				INFOPLIST_KEY_UIApplicationSupportsIndirectInputEvents = YES;
				INFOPLIST_KEY_UILaunchScreen_Generation = YES;
				INFOPLIST_KEY_UISupportedInterfaceOrientations_iPad = "UIInterfaceOrientationPortrait UIInterfaceOrientationPortraitUpsideDown UIInterfaceOrientationLandscapeLeft UIInterfaceOrientationLandscapeRight";
				INFOPLIST_KEY_UISupportedInterfaceOrientations_iPhone = "UIInterfaceOrientationPortrait UIInterfaceOrientationLandscapeLeft UIInterfaceOrientationLandscapeRight";
				IPHONEOS_DEPLOYMENT_TARGET = 15.6;
				LD_RUNPATH_SEARCH_PATHS = (
					"$(inherited)",
					"@executable_path/Frameworks",
				);
				MARKETING_VERSION = 1.0;
				PRODUCT_BUNDLE_IDENTIFIER = com.onskyinc.healthandhome1;
				PRODUCT_NAME = "$(TARGET_NAME)";
				SWIFT_EMIT_LOC_STRINGS = YES;
				SWIFT_VERSION = 5.0;
				TARGETED_DEVICE_FAMILY = "1,2";
			};
			name = Debug;
		};
		E8A379862E8D6D9500EF0893 /* Release */ = {
			isa = XCBuildConfiguration;
			buildSettings = {
				ASSETCATALOG_COMPILER_APPICON_NAME = AppIcon;
				ASSETCATALOG_COMPILER_GLOBAL_ACCENT_COLOR_NAME = AccentColor;
				CODE_SIGN_STYLE = Automatic;
				CURRENT_PROJECT_VERSION = 1;
				DEVELOPMENT_TEAM = JLPE5BL6NP;
				ENABLE_PREVIEWS = YES;
				GENERATE_INFOPLIST_FILE = YES;
				INFOPLIST_KEY_NSBluetoothAlwaysUsageDescription = "Ứng dụng này cần quyền truy cập Bluetooth để quét và kết nối với các thiết bị.";
				INFOPLIST_KEY_UIApplicationSceneManifest_Generation = YES;
				INFOPLIST_KEY_UIApplicationSupportsIndirectInputEvents = YES;
				INFOPLIST_KEY_UILaunchScreen_Generation = YES;
				INFOPLIST_KEY_UISupportedInterfaceOrientations_iPad = "UIInterfaceOrientationPortrait UIInterfaceOrientationPortraitUpsideDown UIInterfaceOrientationLandscapeLeft UIInterfaceOrientationLandscapeRight";
				INFOPLIST_KEY_UISupportedInterfaceOrientations_iPhone = "UIInterfaceOrientationPortrait UIInterfaceOrientationLandscapeLeft UIInterfaceOrientationLandscapeRight";
				IPHONEOS_DEPLOYMENT_TARGET = 15.6;
				LD_RUNPATH_SEARCH_PATHS = (
					"$(inherited)",
					"@executable_path/Frameworks",
				);
				MARKETING_VERSION = 1.0;
				PRODUCT_BUNDLE_IDENTIFIER = com.onskyinc.healthandhome1;
				PRODUCT_NAME = "$(TARGET_NAME)";
				SWIFT_EMIT_LOC_STRINGS = YES;
				SWIFT_VERSION = 5.0;
				TARGETED_DEVICE_FAMILY = "1,2";
			};
			name = Release;
		};
		E8A379882E8D6D9500EF0893 /* Debug */ = {
			isa = XCBuildConfiguration;
			buildSettings = {
				BUNDLE_LOADER = "$(TEST_HOST)";
				CODE_SIGN_STYLE = Automatic;
				CURRENT_PROJECT_VERSION = 1;
				GENERATE_INFOPLIST_FILE = YES;
				IPHONEOS_DEPLOYMENT_TARGET = 18.5;
				MARKETING_VERSION = 1.0;
				PRODUCT_BUNDLE_IDENTIFIER = a.ECUVotolTests;
				PRODUCT_NAME = "$(TARGET_NAME)";
				SWIFT_EMIT_LOC_STRINGS = NO;
				SWIFT_VERSION = 5.0;
				TARGETED_DEVICE_FAMILY = "1,2";
				TEST_HOST = "$(BUILT_PRODUCTS_DIR)/ECUVotol.app/$(BUNDLE_EXECUTABLE_FOLDER_PATH)/ECUVotol";
			};
			name = Debug;
		};
		E8A379892E8D6D9500EF0893 /* Release */ = {
			isa = XCBuildConfiguration;
			buildSettings = {
				BUNDLE_LOADER = "$(TEST_HOST)";
				CODE_SIGN_STYLE = Automatic;
				CURRENT_PROJECT_VERSION = 1;
				GENERATE_INFOPLIST_FILE = YES;
				IPHONEOS_DEPLOYMENT_TARGET = 18.5;
				MARKETING_VERSION = 1.0;
				PRODUCT_BUNDLE_IDENTIFIER = a.ECUVotolTests;
				PRODUCT_NAME = "$(TARGET_NAME)";
				SWIFT_EMIT_LOC_STRINGS = NO;
				SWIFT_VERSION = 5.0;
				TARGETED_DEVICE_FAMILY = "1,2";
				TEST_HOST = "$(BUILT_PRODUCTS_DIR)/ECUVotol.app/$(BUNDLE_EXECUTABLE_FOLDER_PATH)/ECUVotol";
			};
			name = Release;
		};
		E8A3798B2E8D6D9500EF0893 /* Debug */ = {
			isa = XCBuildConfiguration;
			buildSettings = {
				CODE_SIGN_STYLE = Automatic;
				CURRENT_PROJECT_VERSION = 1;
				GENERATE_INFOPLIST_FILE = YES;
				MARKETING_VERSION = 1.0;
				PRODUCT_BUNDLE_IDENTIFIER = a.ECUVotolUITests;
				PRODUCT_NAME = "$(TARGET_NAME)";
				SWIFT_EMIT_LOC_STRINGS = NO;
				SWIFT_VERSION = 5.0;
				TARGETED_DEVICE_FAMILY = "1,2";
				TEST_TARGET_NAME = ECUVotol;
			};
			name = Debug;
		};
		E8A3798C2E8D6D9500EF0893 /* Release */ = {
			isa = XCBuildConfiguration;
			buildSettings = {
				CODE_SIGN_STYLE = Automatic;
				CURRENT_PROJECT_VERSION = 1;
				GENERATE_INFOPLIST_FILE = YES;
				MARKETING_VERSION = 1.0;
				PRODUCT_BUNDLE_IDENTIFIER = a.ECUVotolUITests;
				PRODUCT_NAME = "$(TARGET_NAME)";
				SWIFT_EMIT_LOC_STRINGS = NO;
				SWIFT_VERSION = 5.0;
				TARGETED_DEVICE_FAMILY = "1,2";
				TEST_TARGET_NAME = ECUVotol;
			};
			name = Release;
		};
/* End XCBuildConfiguration section */

/* Begin XCConfigurationList section */
		E8A3795E2E8D6D9300EF0893 /* Build configuration list for PBXProject "ECUVotol" */ = {
			isa = XCConfigurationList;
			buildConfigurations = (
				E8A379822E8D6D9500EF0893 /* Debug */,
				E8A379832E8D6D9500EF0893 /* Release */,
			);
			defaultConfigurationIsVisible = 0;
			defaultConfigurationName = Release;
		};
		E8A379842E8D6D9500EF0893 /* Build configuration list for PBXNativeTarget "ECUVotol" */ = {
			isa = XCConfigurationList;
			buildConfigurations = (
				E8A379852E8D6D9500EF0893 /* Debug */,
				E8A379862E8D6D9500EF0893 /* Release */,
			);
			defaultConfigurationIsVisible = 0;
			defaultConfigurationName = Release;
		};
		E8A379872E8D6D9500EF0893 /* Build configuration list for PBXNativeTarget "ECUVotolTests" */ = {
			isa = XCConfigurationList;
			buildConfigurations = (
				E8A379882E8D6D9500EF0893 /* Debug */,
				E8A379892E8D6D9500EF0893 /* Release */,
			);
			defaultConfigurationIsVisible = 0;
			defaultConfigurationName = Release;
		};
		E8A3798A2E8D6D9500EF0893 /* Build configuration list for PBXNativeTarget "ECUVotolUITests" */ = {
			isa = XCConfigurationList;
			buildConfigurations = (
				E8A3798B2E8D6D9500EF0893 /* Debug */,
				E8A3798C2E8D6D9500EF0893 /* Release */,
			);
			defaultConfigurationIsVisible = 0;
			defaultConfigurationName = Release;
		};
/* End XCConfigurationList section */

/* Begin XCRemoteSwiftPackageReference section */
		E85DEE052E8ECBEC008F4A07 /* XCRemoteSwiftPackageReference "lottie-spm" */ = {
			isa = XCRemoteSwiftPackageReference;
			repositoryURL = "https://github.com/airbnb/lottie-spm.git";
			requirement = {
				kind = upToNextMajorVersion;
				minimumVersion = 4.5.2;
			};
		};
/* End XCRemoteSwiftPackageReference section */

/* Begin XCSwiftPackageProductDependency section */
		E85DEE062E8ECC3D008F4A07 /* Lottie */ = {
			isa = XCSwiftPackageProductDependency;
			package = E85DEE052E8ECBEC008F4A07 /* XCRemoteSwiftPackageReference "lottie-spm" */;
			productName = Lottie;
		};
/* End XCSwiftPackageProductDependency section */
	};
	rootObject = E8A3795B2E8D6D9300EF0893 /* Project object */;
}
